
Microsoft Visual Studio Solution File, Format Version 12.00
# Visual Studio Version 17
VisualStudioVersion = 17.0.31903.59
MinimumVisualStudioVersion = 10.0.40219.1
Project("{FAE04EC0-301F-11D3-BF4B-00C04F79EFBC}") = "Bookstore.API", "Bookstore.API\Bookstore.API.csproj", "{4138AF9D-286E-4150-8400-EFDC90A44439}"
EndProject
Global
	GlobalSection(SolutionConfigurationPlatforms) = preSolution
		Debug|Any CPU = Debug|Any CPU
		Release|Any CPU = Release|Any CPU
	EndGlobalSection
	GlobalSection(ProjectConfigurationPlatforms) = postSolution
		{4138AF9D-286E-4150-8400-EFDC90A44439}.Debug|Any CPU.ActiveCfg = Debug|Any CPU
		{4138AF9D-286E-4150-8400-EFDC90A44439}.Debug|Any CPU.Build.0 = Debug|Any CPU
		{4138AF9D-286E-4150-8400-EFDC90A44439}.Release|Any CPU.ActiveCfg = Release|Any CPU
		{4138AF9D-286E-4150-8400-EFDC90A44439}.Release|Any CPU.Build.0 = Release|Any CPU
	EndGlobalSection
	GlobalSection(SolutionProperties) = preSolution
		HideSolutionNode = FALSE
	EndGlobalSection
	GlobalSection(ExtensibilityGlobals) = postSolution
		SolutionGuid = {66683A7C-D44F-44BB-BD8D-257A03B16B29}
	EndGlobalSection
EndGlobal
